// !$*UTF8*$!
{
	archiveVersion = 1;
	classes = {
	};
	objectVersion = 55;
	objects = {

/* Begin PBXBuildFile section */
		0948F39D69999CD58BB3F8B8 /* Pods_week3_indianPoker.framework in Frameworks */ = {isa = PBXBuildFile; fileRef = AA8E9A577090F828170B939B /* Pods_week3_indianPoker.framework */; };
		4200C3AC2885CC4A002816DD /* ColorExtension.swift in Sources */ = {isa = PBXBuildFile; fileRef = 4200C3AB2885CC4A002816DD /* ColorExtension.swift */; };
		4200C3AE28866B30002816DD /* IntroSlideView.swift in Sources */ = {isa = PBXBuildFile; fileRef = 4200C3AD28866B30002816DD /* IntroSlideView.swift */; };
		4252CD092883C28C008C0C63 /* KakaoSDKAuth in Frameworks */ = {isa = PBXBuildFile; productRef = 4252CD082883C28C008C0C63 /* KakaoSDKAuth */; };
		4252CD0B2883C28C008C0C63 /* KakaoSDKCommon in Frameworks */ = {isa = PBXBuildFile; productRef = 4252CD0A2883C28C008C0C63 /* KakaoSDKCommon */; };
		4252CD0D2883C28C008C0C63 /* KakaoSDKUser in Frameworks */ = {isa = PBXBuildFile; productRef = 4252CD0C2883C28C008C0C63 /* KakaoSDKUser */; };
		4252CD102883D53A008C0C63 /* InitView.swift in Sources */ = {isa = PBXBuildFile; fileRef = 4252CD0F2883D53A008C0C63 /* InitView.swift */; };
		4252CD122883D583008C0C63 /* IntroView.swift in Sources */ = {isa = PBXBuildFile; fileRef = 4252CD112883D583008C0C63 /* IntroView.swift */; };
		4252CD142883D5B1008C0C63 /* LoginView.swift in Sources */ = {isa = PBXBuildFile; fileRef = 4252CD132883D5B1008C0C63 /* LoginView.swift */; };
		4252CD162883D5FB008C0C63 /* MainView.swift in Sources */ = {isa = PBXBuildFile; fileRef = 4252CD152883D5FB008C0C63 /* MainView.swift */; };
		4252CD182883DB50008C0C63 /* SocketManager.swift in Sources */ = {isa = PBXBuildFile; fileRef = 4252CD172883DB50008C0C63 /* SocketManager.swift */; };
		427E5063288543FD0005A1B2 /* Functions.swift in Sources */ = {isa = PBXBuildFile; fileRef = 427E5062288543FD0005A1B2 /* Functions.swift */; };
		428BCF612883F82D008A5FC3 /* request.swift in Sources */ = {isa = PBXBuildFile; fileRef = 428BCF602883F82D008A5FC3 /* request.swift */; };
		428BCF632883FAA1008A5FC3 /* Constants.swift in Sources */ = {isa = PBXBuildFile; fileRef = 428BCF622883FAA1008A5FC3 /* Constants.swift */; };
		428BCF6728844FF9008A5FC3 /* DataType.swift in Sources */ = {isa = PBXBuildFile; fileRef = 428BCF6628844FF9008A5FC3 /* DataType.swift */; };
		93BFD5852885272B0012151B /* InGameView.swift in Sources */ = {isa = PBXBuildFile; fileRef = 93BFD5842885272B0012151B /* InGameView.swift */; };
		93BFD5882885283D0012151B /* GameListView.swift in Sources */ = {isa = PBXBuildFile; fileRef = 93BFD5872885283D0012151B /* GameListView.swift */; };
		93BFD58C28852A320012151B /* ProfileView.swift in Sources */ = {isa = PBXBuildFile; fileRef = 93BFD58B28852A320012151B /* ProfileView.swift */; };
		93D1DA012883B35400B5BD5A /* week3_indianPokerApp.swift in Sources */ = {isa = PBXBuildFile; fileRef = 93D1DA002883B35400B5BD5A /* week3_indianPokerApp.swift */; };
		93D1DA052883B35500B5BD5A /* Assets.xcassets in Resources */ = {isa = PBXBuildFile; fileRef = 93D1DA042883B35500B5BD5A /* Assets.xcassets */; };
		93D1DA082883B35500B5BD5A /* Preview Assets.xcassets in Resources */ = {isa = PBXBuildFile; fileRef = 93D1DA072883B35500B5BD5A /* Preview Assets.xcassets */; };
/* End PBXBuildFile section */

/* Begin PBXFileReference section */
		4200C3AB2885CC4A002816DD /* ColorExtension.swift */ = {isa = PBXFileReference; lastKnownFileType = sourcecode.swift; path = ColorExtension.swift; sourceTree = "<group>"; };
		4200C3AD28866B30002816DD /* IntroSlideView.swift */ = {isa = PBXFileReference; lastKnownFileType = sourcecode.swift; path = IntroSlideView.swift; sourceTree = "<group>"; };
		4252CD0E2883D044008C0C63 /* week3-indianPoker-Info.plist */ = {isa = PBXFileReference; lastKnownFileType = text.plist; path = "week3-indianPoker-Info.plist"; sourceTree = SOURCE_ROOT; };
		4252CD0F2883D53A008C0C63 /* InitView.swift */ = {isa = PBXFileReference; lastKnownFileType = sourcecode.swift; path = InitView.swift; sourceTree = "<group>"; };
		4252CD112883D583008C0C63 /* IntroView.swift */ = {isa = PBXFileReference; lastKnownFileType = sourcecode.swift; path = IntroView.swift; sourceTree = "<group>"; };
		4252CD132883D5B1008C0C63 /* LoginView.swift */ = {isa = PBXFileReference; lastKnownFileType = sourcecode.swift; path = LoginView.swift; sourceTree = "<group>"; };
		4252CD152883D5FB008C0C63 /* MainView.swift */ = {isa = PBXFileReference; lastKnownFileType = sourcecode.swift; path = MainView.swift; sourceTree = "<group>"; };
		4252CD172883DB50008C0C63 /* SocketManager.swift */ = {isa = PBXFileReference; lastKnownFileType = sourcecode.swift; path = SocketManager.swift; sourceTree = "<group>"; };
		427E5062288543FD0005A1B2 /* Functions.swift */ = {isa = PBXFileReference; lastKnownFileType = sourcecode.swift; path = Functions.swift; sourceTree = "<group>"; };
		428BCF602883F82D008A5FC3 /* request.swift */ = {isa = PBXFileReference; lastKnownFileType = sourcecode.swift; path = request.swift; sourceTree = "<group>"; };
		428BCF622883FAA1008A5FC3 /* Constants.swift */ = {isa = PBXFileReference; lastKnownFileType = sourcecode.swift; path = Constants.swift; sourceTree = "<group>"; };
		428BCF6628844FF9008A5FC3 /* DataType.swift */ = {isa = PBXFileReference; lastKnownFileType = sourcecode.swift; path = DataType.swift; sourceTree = "<group>"; };
		49B88A0B865A716AD1D44781 /* Pods-week3_indianPoker.debug.xcconfig */ = {isa = PBXFileReference; includeInIndex = 1; lastKnownFileType = text.xcconfig; name = "Pods-week3_indianPoker.debug.xcconfig"; path = "Target Support Files/Pods-week3_indianPoker/Pods-week3_indianPoker.debug.xcconfig"; sourceTree = "<group>"; };
		57B6FD751B207A1D99195556 /* Pods-week3_indianPoker.release.xcconfig */ = {isa = PBXFileReference; includeInIndex = 1; lastKnownFileType = text.xcconfig; name = "Pods-week3_indianPoker.release.xcconfig"; path = "Target Support Files/Pods-week3_indianPoker/Pods-week3_indianPoker.release.xcconfig"; sourceTree = "<group>"; };
		93BFD5842885272B0012151B /* InGameView.swift */ = {isa = PBXFileReference; lastKnownFileType = sourcecode.swift; name = InGameView.swift; path = ../InGameView.swift; sourceTree = "<group>"; };
		93BFD5872885283D0012151B /* GameListView.swift */ = {isa = PBXFileReference; lastKnownFileType = sourcecode.swift; path = GameListView.swift; sourceTree = "<group>"; };
		93BFD58B28852A320012151B /* ProfileView.swift */ = {isa = PBXFileReference; lastKnownFileType = sourcecode.swift; path = ProfileView.swift; sourceTree = "<group>"; };
		93D1D9FD2883B35400B5BD5A /* week3_indianPoker.app */ = {isa = PBXFileReference; explicitFileType = wrapper.application; includeInIndex = 0; path = week3_indianPoker.app; sourceTree = BUILT_PRODUCTS_DIR; };
		93D1DA002883B35400B5BD5A /* week3_indianPokerApp.swift */ = {isa = PBXFileReference; lastKnownFileType = sourcecode.swift; path = week3_indianPokerApp.swift; sourceTree = "<group>"; };
		93D1DA042883B35500B5BD5A /* Assets.xcassets */ = {isa = PBXFileReference; lastKnownFileType = folder.assetcatalog; path = Assets.xcassets; sourceTree = "<group>"; };
		93D1DA072883B35500B5BD5A /* Preview Assets.xcassets */ = {isa = PBXFileReference; lastKnownFileType = folder.assetcatalog; path = "Preview Assets.xcassets"; sourceTree = "<group>"; };
		AA8E9A577090F828170B939B /* Pods_week3_indianPoker.framework */ = {isa = PBXFileReference; explicitFileType = wrapper.framework; includeInIndex = 0; path = Pods_week3_indianPoker.framework; sourceTree = BUILT_PRODUCTS_DIR; };
/* End PBXFileReference section */

/* Begin PBXFrameworksBuildPhase section */
		93D1D9FA2883B35400B5BD5A /* Frameworks */ = {
			isa = PBXFrameworksBuildPhase;
			buildActionMask = 2147483647;
			files = (
				4252CD0B2883C28C008C0C63 /* KakaoSDKCommon in Frameworks */,
				4252CD092883C28C008C0C63 /* KakaoSDKAuth in Frameworks */,
				4252CD0D2883C28C008C0C63 /* KakaoSDKUser in Frameworks */,
				0948F39D69999CD58BB3F8B8 /* Pods_week3_indianPoker.framework in Frameworks */,
			);
			runOnlyForDeploymentPostprocessing = 0;
		};
/* End PBXFrameworksBuildPhase section */

/* Begin PBXGroup section */
		428BCF642883FAA9008A5FC3 /* Utils */ = {
			isa = PBXGroup;
			children = (
				428BCF622883FAA1008A5FC3 /* Constants.swift */,
				427E5062288543FD0005A1B2 /* Functions.swift */,
				4200C3AB2885CC4A002816DD /* ColorExtension.swift */,
			);
			path = Utils;
			sourceTree = "<group>";
		};
		428BCF652883FD47008A5FC3 /* server */ = {
			isa = PBXGroup;
			children = (
				4252CD172883DB50008C0C63 /* SocketManager.swift */,
				428BCF602883F82D008A5FC3 /* request.swift */,
			);
			path = server;
			sourceTree = "<group>";
		};
		768A9DC482A76F165D54CB75 /* Frameworks */ = {
			isa = PBXGroup;
			children = (
				AA8E9A577090F828170B939B /* Pods_week3_indianPoker.framework */,
			);
			name = Frameworks;
			sourceTree = "<group>";
		};
		93BB00542885462F00322323 /* GameView */ = {
			isa = PBXGroup;
			children = (
				4252CD152883D5FB008C0C63 /* MainView.swift */,
				93BFD5842885272B0012151B /* InGameView.swift */,
			);
			path = GameView;
			sourceTree = "<group>";
		};
		93BFD586288527E20012151B /* MainTabViewContent */ = {
			isa = PBXGroup;
			children = (
				93BFD5872885283D0012151B /* GameListView.swift */,
				93BFD58B28852A320012151B /* ProfileView.swift */,
			);
			path = MainTabViewContent;
			sourceTree = "<group>";
		};
		93D1D9F42883B35400B5BD5A = {
			isa = PBXGroup;
			children = (
				93D1D9FF2883B35400B5BD5A /* week3_indianPoker */,
				93D1D9FE2883B35400B5BD5A /* Products */,
				768A9DC482A76F165D54CB75 /* Frameworks */,
				A12762544F342F1A3DB873FA /* Pods */,
			);
			sourceTree = "<group>";
		};
		93D1D9FE2883B35400B5BD5A /* Products */ = {
			isa = PBXGroup;
			children = (
				93D1D9FD2883B35400B5BD5A /* week3_indianPoker.app */,
			);
			name = Products;
			sourceTree = "<group>";
		};
		93D1D9FF2883B35400B5BD5A /* week3_indianPoker */ = {
			isa = PBXGroup;
			children = (
				4252CD0E2883D044008C0C63 /* week3-indianPoker-Info.plist */,
				93D1DA002883B35400B5BD5A /* week3_indianPokerApp.swift */,
				428BCF652883FD47008A5FC3 /* server */,
				4252CD0F2883D53A008C0C63 /* InitView.swift */,
				4252CD112883D583008C0C63 /* IntroView.swift */,
				4200C3AD28866B30002816DD /* IntroSlideView.swift */,
				4252CD132883D5B1008C0C63 /* LoginView.swift */,
				93BFD586288527E20012151B /* MainTabViewContent */,
				93BB00542885462F00322323 /* GameView */,
				428BCF642883FAA9008A5FC3 /* Utils */,
				93D1DA062883B35500B5BD5A /* Preview Content */,
				93D1DA042883B35500B5BD5A /* Assets.xcassets */,
				428BCF6628844FF9008A5FC3 /* DataType.swift */,
			);
			path = week3_indianPoker;
			sourceTree = "<group>";
		};
		93D1DA062883B35500B5BD5A /* Preview Content */ = {
			isa = PBXGroup;
			children = (
				93D1DA072883B35500B5BD5A /* Preview Assets.xcassets */,
			);
			path = "Preview Content";
			sourceTree = "<group>";
		};
		A12762544F342F1A3DB873FA /* Pods */ = {
			isa = PBXGroup;
			children = (
				49B88A0B865A716AD1D44781 /* Pods-week3_indianPoker.debug.xcconfig */,
				57B6FD751B207A1D99195556 /* Pods-week3_indianPoker.release.xcconfig */,
			);
			path = Pods;
			sourceTree = "<group>";
		};
/* End PBXGroup section */

/* Begin PBXNativeTarget section */
		93D1D9FC2883B35400B5BD5A /* week3_indianPoker */ = {
			isa = PBXNativeTarget;
			buildConfigurationList = 93D1DA102883B35500B5BD5A /* Build configuration list for PBXNativeTarget "week3_indianPoker" */;
			buildPhases = (
				E997E0A387899432C7DAF02B /* [CP] Check Pods Manifest.lock */,
				93D1D9F92883B35400B5BD5A /* Sources */,
				93D1D9FA2883B35400B5BD5A /* Frameworks */,
				93D1D9FB2883B35400B5BD5A /* Resources */,
				B41D559C460359322A6A67A6 /* [CP] Embed Pods Frameworks */,
			);
			buildRules = (
			);
			dependencies = (
			);
			name = week3_indianPoker;
			packageProductDependencies = (
				4252CD082883C28C008C0C63 /* KakaoSDKAuth */,
				4252CD0A2883C28C008C0C63 /* KakaoSDKCommon */,
				4252CD0C2883C28C008C0C63 /* KakaoSDKUser */,
			);
			productName = week3_indianPoker;
			productReference = 93D1D9FD2883B35400B5BD5A /* week3_indianPoker.app */;
			productType = "com.apple.product-type.application";
		};
/* End PBXNativeTarget section */

/* Begin PBXProject section */
		93D1D9F52883B35400B5BD5A /* Project object */ = {
			isa = PBXProject;
			attributes = {
				BuildIndependentTargetsInParallel = 1;
				LastSwiftUpdateCheck = 1340;
				LastUpgradeCheck = 1340;
				TargetAttributes = {
					93D1D9FC2883B35400B5BD5A = {
						CreatedOnToolsVersion = 13.4.1;
					};
				};
			};
			buildConfigurationList = 93D1D9F82883B35400B5BD5A /* Build configuration list for PBXProject "week3_indianPoker" */;
			compatibilityVersion = "Xcode 13.0";
			developmentRegion = en;
			hasScannedForEncodings = 0;
			knownRegions = (
				en,
				Base,
			);
			mainGroup = 93D1D9F42883B35400B5BD5A;
			packageReferences = (
				4252CD072883C28C008C0C63 /* XCRemoteSwiftPackageReference "kakao-ios-sdk" */,
			);
			productRefGroup = 93D1D9FE2883B35400B5BD5A /* Products */;
			projectDirPath = "";
			projectRoot = "";
			targets = (
				93D1D9FC2883B35400B5BD5A /* week3_indianPoker */,
			);
		};
/* End PBXProject section */

/* Begin PBXResourcesBuildPhase section */
		93D1D9FB2883B35400B5BD5A /* Resources */ = {
			isa = PBXResourcesBuildPhase;
			buildActionMask = 2147483647;
			files = (
				93D1DA082883B35500B5BD5A /* Preview Assets.xcassets in Resources */,
				93D1DA052883B35500B5BD5A /* Assets.xcassets in Resources */,
			);
			runOnlyForDeploymentPostprocessing = 0;
		};
/* End PBXResourcesBuildPhase section */

/* Begin PBXShellScriptBuildPhase section */
		B41D559C460359322A6A67A6 /* [CP] Embed Pods Frameworks */ = {
			isa = PBXShellScriptBuildPhase;
			buildActionMask = 2147483647;
			files = (
			);
			inputFileListPaths = (
				"${PODS_ROOT}/Target Support Files/Pods-week3_indianPoker/Pods-week3_indianPoker-frameworks-${CONFIGURATION}-input-files.xcfilelist",
			);
			name = "[CP] Embed Pods Frameworks";
			outputFileListPaths = (
				"${PODS_ROOT}/Target Support Files/Pods-week3_indianPoker/Pods-week3_indianPoker-frameworks-${CONFIGURATION}-output-files.xcfilelist",
			);
			runOnlyForDeploymentPostprocessing = 0;
			shellPath = /bin/sh;
			shellScript = "\"${PODS_ROOT}/Target Support Files/Pods-week3_indianPoker/Pods-week3_indianPoker-frameworks.sh\"\n";
			showEnvVarsInLog = 0;
		};
		E997E0A387899432C7DAF02B /* [CP] Check Pods Manifest.lock */ = {
			isa = PBXShellScriptBuildPhase;
			buildActionMask = 2147483647;
			files = (
			);
			inputFileListPaths = (
			);
			inputPaths = (
				"${PODS_PODFILE_DIR_PATH}/Podfile.lock",
				"${PODS_ROOT}/Manifest.lock",
			);
			name = "[CP] Check Pods Manifest.lock";
			outputFileListPaths = (
			);
			outputPaths = (
				"$(DERIVED_FILE_DIR)/Pods-week3_indianPoker-checkManifestLockResult.txt",
			);
			runOnlyForDeploymentPostprocessing = 0;
			shellPath = /bin/sh;
			shellScript = "diff \"${PODS_PODFILE_DIR_PATH}/Podfile.lock\" \"${PODS_ROOT}/Manifest.lock\" > /dev/null\nif [ $? != 0 ] ; then\n    # print error to STDERR\n    echo \"error: The sandbox is not in sync with the Podfile.lock. Run 'pod install' or update your CocoaPods installation.\" >&2\n    exit 1\nfi\n# This output is used by Xcode 'outputs' to avoid re-running this script phase.\necho \"SUCCESS\" > \"${SCRIPT_OUTPUT_FILE_0}\"\n";
			showEnvVarsInLog = 0;
		};
/* End PBXShellScriptBuildPhase section */

/* Begin PBXSourcesBuildPhase section */
		93D1D9F92883B35400B5BD5A /* Sources */ = {
			isa = PBXSourcesBuildPhase;
			buildActionMask = 2147483647;
			files = (
				93BFD58C28852A320012151B /* ProfileView.swift in Sources */,
				428BCF6728844FF9008A5FC3 /* DataType.swift in Sources */,
				4252CD162883D5FB008C0C63 /* MainView.swift in Sources */,
				4252CD142883D5B1008C0C63 /* LoginView.swift in Sources */,
				427E5063288543FD0005A1B2 /* Functions.swift in Sources */,
				428BCF612883F82D008A5FC3 /* request.swift in Sources */,
				4252CD102883D53A008C0C63 /* InitView.swift in Sources */,
				4252CD122883D583008C0C63 /* IntroView.swift in Sources */,
				428BCF632883FAA1008A5FC3 /* Constants.swift in Sources */,
				4200C3AC2885CC4A002816DD /* ColorExtension.swift in Sources */,
				93BFD5852885272B0012151B /* InGameView.swift in Sources */,
				4252CD182883DB50008C0C63 /* SocketManager.swift in Sources */,
				4200C3AE28866B30002816DD /* IntroSlideView.swift in Sources */,
				93D1DA012883B35400B5BD5A /* week3_indianPokerApp.swift in Sources */,
				93BFD5882885283D0012151B /* GameListView.swift in Sources */,
			);
			runOnlyForDeploymentPostprocessing = 0;
		};
/* End PBXSourcesBuildPhase section */

/* Begin XCBuildConfiguration section */
		93D1DA0E2883B35500B5BD5A /* Debug */ = {
			isa = XCBuildConfiguration;
			buildSettings = {
				ALWAYS_SEARCH_USER_PATHS = NO;
				CLANG_ANALYZER_NONNULL = YES;
				CLANG_ANALYZER_NUMBER_OBJECT_CONVERSION = YES_AGGRESSIVE;
				CLANG_CXX_LANGUAGE_STANDARD = "gnu++17";
				CLANG_ENABLE_MODULES = YES;
				CLANG_ENABLE_OBJC_ARC = YES;
				CLANG_ENABLE_OBJC_WEAK = YES;
				CLANG_WARN_BLOCK_CAPTURE_AUTORELEASING = YES;
				CLANG_WARN_BOOL_CONVERSION = YES;
				CLANG_WARN_COMMA = YES;
				CLANG_WARN_CONSTANT_CONVERSION = YES;
				CLANG_WARN_DEPRECATED_OBJC_IMPLEMENTATIONS = YES;
				CLANG_WARN_DIRECT_OBJC_ISA_USAGE = YES_ERROR;
				CLANG_WARN_DOCUMENTATION_COMMENTS = YES;
				CLANG_WARN_EMPTY_BODY = YES;
				CLANG_WARN_ENUM_CONVERSION = YES;
				CLANG_WARN_INFINITE_RECURSION = YES;
				CLANG_WARN_INT_CONVERSION = YES;
				CLANG_WARN_NON_LITERAL_NULL_CONVERSION = YES;
				CLANG_WARN_OBJC_IMPLICIT_RETAIN_SELF = YES;
				CLANG_WARN_OBJC_LITERAL_CONVERSION = YES;
				CLANG_WARN_OBJC_ROOT_CLASS = YES_ERROR;
				CLANG_WARN_QUOTED_INCLUDE_IN_FRAMEWORK_HEADER = YES;
				CLANG_WARN_RANGE_LOOP_ANALYSIS = YES;
				CLANG_WARN_STRICT_PROTOTYPES = YES;
				CLANG_WARN_SUSPICIOUS_MOVE = YES;
				CLANG_WARN_UNGUARDED_AVAILABILITY = YES_AGGRESSIVE;
				CLANG_WARN_UNREACHABLE_CODE = YES;
				CLANG_WARN__DUPLICATE_METHOD_MATCH = YES;
				COPY_PHASE_STRIP = NO;
				DEBUG_INFORMATION_FORMAT = dwarf;
				ENABLE_STRICT_OBJC_MSGSEND = YES;
				ENABLE_TESTABILITY = YES;
				GCC_C_LANGUAGE_STANDARD = gnu11;
				GCC_DYNAMIC_NO_PIC = NO;
				GCC_NO_COMMON_BLOCKS = YES;
				GCC_OPTIMIZATION_LEVEL = 0;
				GCC_PREPROCESSOR_DEFINITIONS = (
					"DEBUG=1",
					"$(inherited)",
				);
				GCC_WARN_64_TO_32_BIT_CONVERSION = YES;
				GCC_WARN_ABOUT_RETURN_TYPE = YES_ERROR;
				GCC_WARN_UNDECLARED_SELECTOR = YES;
				GCC_WARN_UNINITIALIZED_AUTOS = YES_AGGRESSIVE;
				GCC_WARN_UNUSED_FUNCTION = YES;
				GCC_WARN_UNUSED_VARIABLE = YES;
				IPHONEOS_DEPLOYMENT_TARGET = 15.4;
				MTL_ENABLE_DEBUG_INFO = INCLUDE_SOURCE;
				MTL_FAST_MATH = YES;
				ONLY_ACTIVE_ARCH = YES;
				SDKROOT = iphoneos;
				SWIFT_ACTIVE_COMPILATION_CONDITIONS = DEBUG;
				SWIFT_OPTIMIZATION_LEVEL = "-Onone";
			};
			name = Debug;
		};
		93D1DA0F2883B35500B5BD5A /* Release */ = {
			isa = XCBuildConfiguration;
			buildSettings = {
				ALWAYS_SEARCH_USER_PATHS = NO;
				CLANG_ANALYZER_NONNULL = YES;
				CLANG_ANALYZER_NUMBER_OBJECT_CONVERSION = YES_AGGRESSIVE;
				CLANG_CXX_LANGUAGE_STANDARD = "gnu++17";
				CLANG_ENABLE_MODULES = YES;
				CLANG_ENABLE_OBJC_ARC = YES;
				CLANG_ENABLE_OBJC_WEAK = YES;
				CLANG_WARN_BLOCK_CAPTURE_AUTORELEASING = YES;
				CLANG_WARN_BOOL_CONVERSION = YES;
				CLANG_WARN_COMMA = YES;
				CLANG_WARN_CONSTANT_CONVERSION = YES;
				CLANG_WARN_DEPRECATED_OBJC_IMPLEMENTATIONS = YES;
				CLANG_WARN_DIRECT_OBJC_ISA_USAGE = YES_ERROR;
				CLANG_WARN_DOCUMENTATION_COMMENTS = YES;
				CLANG_WARN_EMPTY_BODY = YES;
				CLANG_WARN_ENUM_CONVERSION = YES;
				CLANG_WARN_INFINITE_RECURSION = YES;
				CLANG_WARN_INT_CONVERSION = YES;
				CLANG_WARN_NON_LITERAL_NULL_CONVERSION = YES;
				CLANG_WARN_OBJC_IMPLICIT_RETAIN_SELF = YES;
				CLANG_WARN_OBJC_LITERAL_CONVERSION = YES;
				CLANG_WARN_OBJC_ROOT_CLASS = YES_ERROR;
				CLANG_WARN_QUOTED_INCLUDE_IN_FRAMEWORK_HEADER = YES;
				CLANG_WARN_RANGE_LOOP_ANALYSIS = YES;
				CLANG_WARN_STRICT_PROTOTYPES = YES;
				CLANG_WARN_SUSPICIOUS_MOVE = YES;
				CLANG_WARN_UNGUARDED_AVAILABILITY = YES_AGGRESSIVE;
				CLANG_WARN_UNREACHABLE_CODE = YES;
				CLANG_WARN__DUPLICATE_METHOD_MATCH = YES;
				COPY_PHASE_STRIP = NO;
				DEBUG_INFORMATION_FORMAT = "dwarf-with-dsym";
				ENABLE_NS_ASSERTIONS = NO;
				ENABLE_STRICT_OBJC_MSGSEND = YES;
				GCC_C_LANGUAGE_STANDARD = gnu11;
				GCC_NO_COMMON_BLOCKS = YES;
				GCC_WARN_64_TO_32_BIT_CONVERSION = YES;
				GCC_WARN_ABOUT_RETURN_TYPE = YES_ERROR;
				GCC_WARN_UNDECLARED_SELECTOR = YES;
				GCC_WARN_UNINITIALIZED_AUTOS = YES_AGGRESSIVE;
				GCC_WARN_UNUSED_FUNCTION = YES;
				GCC_WARN_UNUSED_VARIABLE = YES;
				IPHONEOS_DEPLOYMENT_TARGET = 15.4;
				MTL_ENABLE_DEBUG_INFO = NO;
				MTL_FAST_MATH = YES;
				SDKROOT = iphoneos;
				SWIFT_COMPILATION_MODE = wholemodule;
				SWIFT_OPTIMIZATION_LEVEL = "-O";
				VALIDATE_PRODUCT = YES;
			};
			name = Release;
		};
		93D1DA112883B35500B5BD5A /* Debug */ = {
			isa = XCBuildConfiguration;
			baseConfigurationReference = 49B88A0B865A716AD1D44781 /* Pods-week3_indianPoker.debug.xcconfig */;
			buildSettings = {
				ASSETCATALOG_COMPILER_APPICON_NAME = AppIcon;
				ASSETCATALOG_COMPILER_GLOBAL_ACCENT_COLOR_NAME = AccentColor;
				CODE_SIGN_STYLE = Automatic;
				CURRENT_PROJECT_VERSION = 1;
				DEVELOPMENT_ASSET_PATHS = "\"week3_indianPoker/Preview Content\"";
				DEVELOPMENT_TEAM = Q6CK9777WL;
				ENABLE_BITCODE = NO;
				ENABLE_PREVIEWS = YES;
				GENERATE_INFOPLIST_FILE = YES;
				INFOPLIST_FILE = "week3-indianPoker-Info.plist";
				INFOPLIST_KEY_UIApplicationSceneManifest_Generation = YES;
				INFOPLIST_KEY_UIApplicationSupportsIndirectInputEvents = YES;
				INFOPLIST_KEY_UILaunchScreen_Generation = YES;
				INFOPLIST_KEY_UISupportedInterfaceOrientations_iPad = "UIInterfaceOrientationPortrait UIInterfaceOrientationPortraitUpsideDown UIInterfaceOrientationLandscapeLeft UIInterfaceOrientationLandscapeRight";
				INFOPLIST_KEY_UISupportedInterfaceOrientations_iPhone = "UIInterfaceOrientationPortrait UIInterfaceOrientationLandscapeLeft UIInterfaceOrientationLandscapeRight";
				LD_RUNPATH_SEARCH_PATHS = (
					"$(inherited)",
					"@executable_path/Frameworks",
				);
				MARKETING_VERSION = 1.0;
				PRODUCT_BUNDLE_IDENTIFIER = "jhanoo.week3-indianPoker";
				PRODUCT_NAME = "$(TARGET_NAME)";
				SWIFT_EMIT_LOC_STRINGS = YES;
				SWIFT_VERSION = 5.0;
				TARGETED_DEVICE_FAMILY = "1,2";
			};
			name = Debug;
		};
		93D1DA122883B35500B5BD5A /* Release */ = {
			isa = XCBuildConfiguration;
			baseConfigurationReference = 57B6FD751B207A1D99195556 /* Pods-week3_indianPoker.release.xcconfig */;
			buildSettings = {
				ASSETCATALOG_COMPILER_APPICON_NAME = AppIcon;
				ASSETCATALOG_COMPILER_GLOBAL_ACCENT_COLOR_NAME = AccentColor;
				CODE_SIGN_STYLE = Automatic;
				CURRENT_PROJECT_VERSION = 1;
				DEVELOPMENT_ASSET_PATHS = "\"week3_indianPoker/Preview Content\"";
				DEVELOPMENT_TEAM = Q6CK9777WL;
				ENABLE_BITCODE = NO;
				ENABLE_PREVIEWS = YES;
				GENERATE_INFOPLIST_FILE = YES;
				INFOPLIST_FILE = "week3-indianPoker-Info.plist";
				INFOPLIST_KEY_UIApplicationSceneManifest_Generation = YES;
				INFOPLIST_KEY_UIApplicationSupportsIndirectInputEvents = YES;
				INFOPLIST_KEY_UILaunchScreen_Generation = YES;
				INFOPLIST_KEY_UISupportedInterfaceOrientations_iPad = "UIInterfaceOrientationPortrait UIInterfaceOrientationPortraitUpsideDown UIInterfaceOrientationLandscapeLeft UIInterfaceOrientationLandscapeRight";
				INFOPLIST_KEY_UISupportedInterfaceOrientations_iPhone = "UIInterfaceOrientationPortrait UIInterfaceOrientationLandscapeLeft UIInterfaceOrientationLandscapeRight";
				LD_RUNPATH_SEARCH_PATHS = (
					"$(inherited)",
					"@executable_path/Frameworks",
				);
				MARKETING_VERSION = 1.0;
				PRODUCT_BUNDLE_IDENTIFIER = "jhanoo.week3-indianPoker";
				PRODUCT_NAME = "$(TARGET_NAME)";
				SWIFT_EMIT_LOC_STRINGS = YES;
				SWIFT_VERSION = 5.0;
				TARGETED_DEVICE_FAMILY = "1,2";
			};
			name = Release;
		};
/* End XCBuildConfiguration section */

/* Begin XCConfigurationList section */
		93D1D9F82883B35400B5BD5A /* Build configuration list for PBXProject "week3_indianPoker" */ = {
			isa = XCConfigurationList;
			buildConfigurations = (
				93D1DA0E2883B35500B5BD5A /* Debug */,
				93D1DA0F2883B35500B5BD5A /* Release */,
			);
			defaultConfigurationIsVisible = 0;
			defaultConfigurationName = Release;
		};
		93D1DA102883B35500B5BD5A /* Build configuration list for PBXNativeTarget "week3_indianPoker" */ = {
			isa = XCConfigurationList;
			buildConfigurations = (
				93D1DA112883B35500B5BD5A /* Debug */,
				93D1DA122883B35500B5BD5A /* Release */,
			);
			defaultConfigurationIsVisible = 0;
			defaultConfigurationName = Release;
		};
/* End XCConfigurationList section */

/* Begin XCRemoteSwiftPackageReference section */
		4252CD072883C28C008C0C63 /* XCRemoteSwiftPackageReference "kakao-ios-sdk" */ = {
			isa = XCRemoteSwiftPackageReference;
			repositoryURL = "https://github.com/kakao/kakao-ios-sdk";
			requirement = {
				branch = master;
				kind = branch;
			};
		};
/* End XCRemoteSwiftPackageReference section */

/* Begin XCSwiftPackageProductDependency section */
		4252CD082883C28C008C0C63 /* KakaoSDKAuth */ = {
			isa = XCSwiftPackageProductDependency;
			package = 4252CD072883C28C008C0C63 /* XCRemoteSwiftPackageReference "kakao-ios-sdk" */;
			productName = KakaoSDKAuth;
		};
		4252CD0A2883C28C008C0C63 /* KakaoSDKCommon */ = {
			isa = XCSwiftPackageProductDependency;
			package = 4252CD072883C28C008C0C63 /* XCRemoteSwiftPackageReference "kakao-ios-sdk" */;
			productName = KakaoSDKCommon;
		};
		4252CD0C2883C28C008C0C63 /* KakaoSDKUser */ = {
			isa = XCSwiftPackageProductDependency;
			package = 4252CD072883C28C008C0C63 /* XCRemoteSwiftPackageReference "kakao-ios-sdk" */;
			productName = KakaoSDKUser;
		};
/* End XCSwiftPackageProductDependency section */
	};
	rootObject = 93D1D9F52883B35400B5BD5A /* Project object */;
}
